
Microsoft Visual Studio Solution File, Format Version 12.00
# Visual Studio Version 17
VisualStudioVersion = 17.1.32407.343
MinimumVisualStudioVersion = 10.0.40219.1
Project("{FAE04EC0-301F-11D3-BF4B-00C04F79EFBC}") = "Lista 01", "Lista 01\Lista 01.csproj", "{D7A565CC-6BE8-42BB-B6EF-9F894C193009}"
EndProject
Global
	GlobalSection(SolutionConfigurationPlatforms) = preSolution
		Debug|Any CPU = Debug|Any CPU
		Release|Any CPU = Release|Any CPU
	EndGlobalSection
	GlobalSection(ProjectConfigurationPlatforms) = postSolution
		{D7A565CC-6BE8-42BB-B6EF-9F894C193009}.Debug|Any CPU.ActiveCfg = Debug|Any CPU
		{D7A565CC-6BE8-42BB-B6EF-9F894C193009}.Debug|Any CPU.Build.0 = Debug|Any CPU
		{D7A565CC-6BE8-42BB-B6EF-9F894C193009}.Release|Any CPU.ActiveCfg = Release|Any CPU
		{D7A565CC-6BE8-42BB-B6EF-9F894C193009}.Release|Any CPU.Build.0 = Release|Any CPU
	EndGlobalSection
	GlobalSection(SolutionProperties) = preSolution
		HideSolutionNode = FALSE
	EndGlobalSection
	GlobalSection(ExtensibilityGlobals) = postSolution
		SolutionGuid = {24C8F4A4-FCEE-4D3A-ADD0-CE02E94C3015}
	EndGlobalSection
EndGlobal
