
Microsoft Visual Studio Solution File, Format Version 12.00
# Visual Studio Version 17
VisualStudioVersion = 17.1.32407.343
MinimumVisualStudioVersion = 10.0.40219.1
Project("{FAE04EC0-301F-11D3-BF4B-00C04F79EFBC}") = "Lista01", "Lista01\Lista01.csproj", "{964A2805-0F26-49B2-B253-A8E181B90F02}"
EndProject
Global
	GlobalSection(SolutionConfigurationPlatforms) = preSolution
		Debug|Any CPU = Debug|Any CPU
		Release|Any CPU = Release|Any CPU
	EndGlobalSection
	GlobalSection(ProjectConfigurationPlatforms) = postSolution
		{964A2805-0F26-49B2-B253-A8E181B90F02}.Debug|Any CPU.ActiveCfg = Debug|Any CPU
		{964A2805-0F26-49B2-B253-A8E181B90F02}.Debug|Any CPU.Build.0 = Debug|Any CPU
		{964A2805-0F26-49B2-B253-A8E181B90F02}.Release|Any CPU.ActiveCfg = Release|Any CPU
		{964A2805-0F26-49B2-B253-A8E181B90F02}.Release|Any CPU.Build.0 = Release|Any CPU
	EndGlobalSection
	GlobalSection(SolutionProperties) = preSolution
		HideSolutionNode = FALSE
	EndGlobalSection
	GlobalSection(ExtensibilityGlobals) = postSolution
		SolutionGuid = {229DD761-A3F3-4911-99CF-C08738E9DC73}
	EndGlobalSection
EndGlobal
